
Microsoft Visual Studio Solution File, Format Version 12.00
# Visual Studio 15
VisualStudioVersion = 15.0.28010.2003
MinimumVisualStudioVersion = 10.0.40219.1
Project("{888888A0-9F3D-457C-B088-3A5042F75D52}") = "Chapter_4", "Chapter_4\Chapter_4.pyproj", "{E9E5E86F-A9F7-4945-B564-9C2B68D47233}"
EndProject
Global
	GlobalSection(SolutionConfigurationPlatforms) = preSolution
		Debug|Any CPU = Debug|Any CPU
		Release|Any CPU = Release|Any CPU
	EndGlobalSection
	GlobalSection(ProjectConfigurationPlatforms) = postSolution
		{E9E5E86F-A9F7-4945-B564-9C2B68D47233}.Debug|Any CPU.ActiveCfg = Debug|Any CPU
		{E9E5E86F-A9F7-4945-B564-9C2B68D47233}.Release|Any CPU.ActiveCfg = Release|Any CPU
	EndGlobalSection
	GlobalSection(SolutionProperties) = preSolution
		HideSolutionNode = FALSE
	EndGlobalSection
	GlobalSection(ExtensibilityGlobals) = postSolution
		SolutionGuid = {D83BBC86-6843-4510-82FD-6BE91ADA4950}
	EndGlobalSection
EndGlobal
