
Microsoft Visual Studio Solution File, Format Version 12.00
# Visual Studio 15
VisualStudioVersion = 15.0.28010.2003
MinimumVisualStudioVersion = 10.0.40219.1
Project("{888888A0-9F3D-457C-B088-3A5042F75D52}") = "Chapter_3", "Chapter_3\Chapter_3.pyproj", "{A4AD3C36-2846-47CB-ACCE-765C3EB191C2}"
EndProject
Global
	GlobalSection(SolutionConfigurationPlatforms) = preSolution
		Debug|Any CPU = Debug|Any CPU
		Release|Any CPU = Release|Any CPU
	EndGlobalSection
	GlobalSection(ProjectConfigurationPlatforms) = postSolution
		{A4AD3C36-2846-47CB-ACCE-765C3EB191C2}.Debug|Any CPU.ActiveCfg = Debug|Any CPU
		{A4AD3C36-2846-47CB-ACCE-765C3EB191C2}.Release|Any CPU.ActiveCfg = Release|Any CPU
	EndGlobalSection
	GlobalSection(SolutionProperties) = preSolution
		HideSolutionNode = FALSE
	EndGlobalSection
	GlobalSection(ExtensibilityGlobals) = postSolution
		SolutionGuid = {BC95C6D5-0442-43F4-8989-99484D9DBD08}
	EndGlobalSection
EndGlobal
